// !$*UTF8*$!
{
	archiveVersion = 1;
	classes = {
	};
	objectVersion = 46;
	objects = {

/* Begin PBXBuildFile section */
		572F0E251E43014F00D633DD /* AppDelegate.swift in Sources */ = {isa = PBXBuildFile; fileRef = 572F0E241E43014F00D633DD /* AppDelegate.swift */; };
		572F0E271E43014F00D633DD /* ViewController.swift in Sources */ = {isa = PBXBuildFile; fileRef = 572F0E261E43014F00D633DD /* ViewController.swift */; };
		572F0E2A1E43014F00D633DD /* Main.storyboard in Resources */ = {isa = PBXBuildFile; fileRef = 572F0E281E43014F00D633DD /* Main.storyboard */; };
		572F0E2C1E43014F00D633DD /* Assets.xcassets in Resources */ = {isa = PBXBuildFile; fileRef = 572F0E2B1E43014F00D633DD /* Assets.xcassets */; };
		572F0E2F1E43014F00D633DD /* LaunchScreen.storyboard in Resources */ = {isa = PBXBuildFile; fileRef = 572F0E2D1E43014F00D633DD /* LaunchScreen.storyboard */; };
/* End PBXBuildFile section */

/* Begin PBXFileReference section */
		572F0E211E43014F00D633DD /* loadingIndicator.app */ = {isa = PBXFileReference; explicitFileType = wrapper.application; includeInIndex = 0; path = loadingIndicator.app; sourceTree = BUILT_PRODUCTS_DIR; };
		572F0E241E43014F00D633DD /* AppDelegate.swift */ = {isa = PBXFileReference; lastKnownFileType = sourcecode.swift; path = AppDelegate.swift; sourceTree = "<group>"; };
		572F0E261E43014F00D633DD /* ViewController.swift */ = {isa = PBXFileReference; lastKnownFileType = sourcecode.swift; path = ViewController.swift; sourceTree = "<group>"; };
		572F0E291E43014F00D633DD /* Base */ = {isa = PBXFileReference; lastKnownFileType = file.storyboard; name = Base; path = Base.lproj/Main.storyboard; sourceTree = "<group>"; };
		572F0E2B1E43014F00D633DD /* Assets.xcassets */ = {isa = PBXFileReference; lastKnownFileType = folder.assetcatalog; path = Assets.xcassets; sourceTree = "<group>"; };
		572F0E2E1E43014F00D633DD /* Base */ = {isa = PBXFileReference; lastKnownFileType = file.storyboard; name = Base; path = Base.lproj/LaunchScreen.storyboard; sourceTree = "<group>"; };
		572F0E301E43014F00D633DD /* Info.plist */ = {isa = PBXFileReference; lastKnownFileType = text.plist.xml; path = Info.plist; sourceTree = "<group>"; };
/* End PBXFileReference section */

/* Begin PBXFrameworksBuildPhase section */
		572F0E1E1E43014F00D633DD /* Frameworks */ = {
			isa = PBXFrameworksBuildPhase;
			buildActionMask = 2147483647;
			files = (
			);
			runOnlyForDeploymentPostprocessing = 0;
		};
/* End PBXFrameworksBuildPhase section */

/* Begin PBXGroup section */
		572F0E181E43014F00D633DD = {
			isa = PBXGroup;
			children = (
				572F0E231E43014F00D633DD /* loadingIndicator */,
				572F0E221E43014F00D633DD /* Products */,
			);
			sourceTree = "<group>";
		};
		572F0E221E43014F00D633DD /* Products */ = {
			isa = PBXGroup;
			children = (
				572F0E211E43014F00D633DD /* loadingIndicator.app */,
			);
			name = Products;
			sourceTree = "<group>";
		};
		572F0E231E43014F00D633DD /* loadingIndicator */ = {
			isa = PBXGroup;
			children = (
				572F0E241E43014F00D633DD /* AppDelegate.swift */,
				572F0E261E43014F00D633DD /* ViewController.swift */,
				572F0E281E43014F00D633DD /* Main.storyboard */,
				572F0E2B1E43014F00D633DD /* Assets.xcassets */,
				572F0E2D1E43014F00D633DD /* LaunchScreen.storyboard */,
				572F0E301E43014F00D633DD /* Info.plist */,
			);
			path = loadingIndicator;
			sourceTree = "<group>";
		};
/* End PBXGroup section */

/* Begin PBXNativeTarget section */
		572F0E201E43014F00D633DD /* loadingIndicator */ = {
			isa = PBXNativeTarget;
			buildConfigurationList = 572F0E331E43014F00D633DD /* Build configuration list for PBXNativeTarget "loadingIndicator" */;
			buildPhases = (
				572F0E1D1E43014F00D633DD /* Sources */,
				572F0E1E1E43014F00D633DD /* Frameworks */,
				572F0E1F1E43014F00D633DD /* Resources */,
			);
			buildRules = (
			);
			dependencies = (
			);
			name = loadingIndicator;
			productName = loadingIndicator;
			productReference = 572F0E211E43014F00D633DD /* loadingIndicator.app */;
			productType = "com.apple.product-type.application";
		};
/* End PBXNativeTarget section */

/* Begin PBXProject section */
		572F0E191E43014F00D633DD /* Project object */ = {
			isa = PBXProject;
			attributes = {
				LastSwiftUpdateCheck = 0820;
				LastUpgradeCheck = 0820;
				ORGANIZATIONNAME = cgua;
				TargetAttributes = {
					572F0E201E43014F00D633DD = {
						CreatedOnToolsVersion = 8.2.1;
						DevelopmentTeam = 4QX528523R;
						ProvisioningStyle = Automatic;
					};
				};
			};
			buildConfigurationList = 572F0E1C1E43014F00D633DD /* Build configuration list for PBXProject "loadingIndicator" */;
			compatibilityVersion = "Xcode 3.2";
			developmentRegion = English;
			hasScannedForEncodings = 0;
			knownRegions = (
				en,
				Base,
			);
			mainGroup = 572F0E181E43014F00D633DD;
			productRefGroup = 572F0E221E43014F00D633DD /* Products */;
			projectDirPath = "";
			projectRoot = "";
			targets = (
				572F0E201E43014F00D633DD /* loadingIndicator */,
			);
		};
/* End PBXProject section */

/* Begin PBXResourcesBuildPhase section */
		572F0E1F1E43014F00D633DD /* Resources */ = {
			isa = PBXResourcesBuildPhase;
			buildActionMask = 2147483647;
			files = (
				572F0E2F1E43014F00D633DD /* LaunchScreen.storyboard in Resources */,
				572F0E2C1E43014F00D633DD /* Assets.xcassets in Resources */,
				572F0E2A1E43014F00D633DD /* Main.storyboard in Resources */,
			);
			runOnlyForDeploymentPostprocessing = 0;
		};
/* End PBXResourcesBuildPhase section */

/* Begin PBXSourcesBuildPhase section */
		572F0E1D1E43014F00D633DD /* Sources */ = {
			isa = PBXSourcesBuildPhase;
			buildActionMask = 2147483647;
			files = (
				572F0E271E43014F00D633DD /* ViewController.swift in Sources */,
				572F0E251E43014F00D633DD /* AppDelegate.swift in Sources */,
			);
			runOnlyForDeploymentPostprocessing = 0;
		};
/* End PBXSourcesBuildPhase section */

/* Begin PBXVariantGroup section */
		572F0E281E43014F00D633DD /* Main.storyboard */ = {
			isa = PBXVariantGroup;
			children = (
				572F0E291E43014F00D633DD /* Base */,
			);
			name = Main.storyboard;
			sourceTree = "<group>";
		};
		572F0E2D1E43014F00D633DD /* LaunchScreen.storyboard */ = {
			isa = PBXVariantGroup;
			children = (
				572F0E2E1E43014F00D633DD /* Base */,
			);
			name = LaunchScreen.storyboard;
			sourceTree = "<group>";
		};
/* End PBXVariantGroup section */

/* Begin XCBuildConfiguration section */
		572F0E311E43014F00D633DD /* Debug */ = {
			isa = XCBuildConfiguration;
			buildSettings = {
				ALWAYS_SEARCH_USER_PATHS = NO;
				CLANG_ANALYZER_NONNULL = YES;
				CLANG_CXX_LANGUAGE_STANDARD = "gnu++0x";
				CLANG_CXX_LIBRARY = "libc++";
				CLANG_ENABLE_MODULES = YES;
				CLANG_ENABLE_OBJC_ARC = YES;
				CLANG_WARN_BOOL_CONVERSION = YES;
				CLANG_WARN_CONSTANT_CONVERSION = YES;
				CLANG_WARN_DIRECT_OBJC_ISA_USAGE = YES_ERROR;
				CLANG_WARN_DOCUMENTATION_COMMENTS = YES;
				CLANG_WARN_EMPTY_BODY = YES;
				CLANG_WARN_ENUM_CONVERSION = YES;
				CLANG_WARN_INFINITE_RECURSION = YES;
				CLANG_WARN_INT_CONVERSION = YES;
				CLANG_WARN_OBJC_ROOT_CLASS = YES_ERROR;
				CLANG_WARN_SUSPICIOUS_MOVE = YES;
				CLANG_WARN_UNREACHABLE_CODE = YES;
				CLANG_WARN__DUPLICATE_METHOD_MATCH = YES;
				"CODE_SIGN_IDENTITY[sdk=iphoneos*]" = "iPhone Developer";
				COPY_PHASE_STRIP = NO;
				DEBUG_INFORMATION_FORMAT = dwarf;
				ENABLE_STRICT_OBJC_MSGSEND = YES;
				ENABLE_TESTABILITY = YES;
				GCC_C_LANGUAGE_STANDARD = gnu99;
				GCC_DYNAMIC_NO_PIC = NO;
				GCC_NO_COMMON_BLOCKS = YES;
				GCC_OPTIMIZATION_LEVEL = 0;
				GCC_PREPROCESSOR_DEFINITIONS = (
					"DEBUG=1",
					"$(inherited)",
				);
				GCC_WARN_64_TO_32_BIT_CONVERSION = YES;
				GCC_WARN_ABOUT_RETURN_TYPE = YES_ERROR;
				GCC_WARN_UNDECLARED_SELECTOR = YES;
				GCC_WARN_UNINITIALIZED_AUTOS = YES_AGGRESSIVE;
				GCC_WARN_UNUSED_FUNCTION = YES;
				GCC_WARN_UNUSED_VARIABLE = YES;
				IPHONEOS_DEPLOYMENT_TARGET = 10.2;
				MTL_ENABLE_DEBUG_INFO = YES;
				ONLY_ACTIVE_ARCH = YES;
				SDKROOT = iphoneos;
				SWIFT_ACTIVE_COMPILATION_CONDITIONS = DEBUG;
				SWIFT_OPTIMIZATION_LEVEL = "-Onone";
			};
			name = Debug;
		};
		572F0E321E43014F00D633DD /* Release */ = {
			isa = XCBuildConfiguration;
			buildSettings = {
				ALWAYS_SEARCH_USER_PATHS = NO;
				CLANG_ANALYZER_NONNULL = YES;
				CLANG_CXX_LANGUAGE_STANDARD = "gnu++0x";
				CLANG_CXX_LIBRARY = "libc++";
				CLANG_ENABLE_MODULES = YES;
				CLANG_ENABLE_OBJC_ARC = YES;
				CLANG_WARN_BOOL_CONVERSION = YES;
				CLANG_WARN_CONSTANT_CONVERSION = YES;
				CLANG_WARN_DIRECT_OBJC_ISA_USAGE = YES_ERROR;
				CLANG_WARN_DOCUMENTATION_COMMENTS = YES;
				CLANG_WARN_EMPTY_BODY = YES;
				CLANG_WARN_ENUM_CONVERSION = YES;
				CLANG_WARN_INFINITE_RECURSION = YES;
				CLANG_WARN_INT_CONVERSION = YES;
				CLANG_WARN_OBJC_ROOT_CLASS = YES_ERROR;
				CLANG_WARN_SUSPICIOUS_MOVE = YES;
				CLANG_WARN_UNREACHABLE_CODE = YES;
				CLANG_WARN__DUPLICATE_METHOD_MATCH = YES;
				"CODE_SIGN_IDENTITY[sdk=iphoneos*]" = "iPhone Developer";
				COPY_PHASE_STRIP = NO;
				DEBUG_INFORMATION_FORMAT = "dwarf-with-dsym";
				ENABLE_NS_ASSERTIONS = NO;
				ENABLE_STRICT_OBJC_MSGSEND = YES;
				GCC_C_LANGUAGE_STANDARD = gnu99;
				GCC_NO_COMMON_BLOCKS = YES;
				GCC_WARN_64_TO_32_BIT_CONVERSION = YES;
				GCC_WARN_ABOUT_RETURN_TYPE = YES_ERROR;
				GCC_WARN_UNDECLARED_SELECTOR = YES;
				GCC_WARN_UNINITIALIZED_AUTOS = YES_AGGRESSIVE;
				GCC_WARN_UNUSED_FUNCTION = YES;
				GCC_WARN_UNUSED_VARIABLE = YES;
				IPHONEOS_DEPLOYMENT_TARGET = 10.2;
				MTL_ENABLE_DEBUG_INFO = NO;
				SDKROOT = iphoneos;
				SWIFT_OPTIMIZATION_LEVEL = "-Owholemodule";
				VALIDATE_PRODUCT = YES;
			};
			name = Release;
		};
		572F0E341E43014F00D633DD /* Debug */ = {
			isa = XCBuildConfiguration;
			buildSettings = {
				ASSETCATALOG_COMPILER_APPICON_NAME = AppIcon;
				DEVELOPMENT_TEAM = 4QX528523R;
				INFOPLIST_FILE = loadingIndicator/Info.plist;
				LD_RUNPATH_SEARCH_PATHS = "$(inherited) @executable_path/Frameworks";
				PRODUCT_BUNDLE_IDENTIFIER = me.cgua.loadingIndicator;
				PRODUCT_NAME = "$(TARGET_NAME)";
				SWIFT_VERSION = 3.0;
			};
			name = Debug;
		};
		572F0E351E43014F00D633DD /* Release */ = {
			isa = XCBuildConfiguration;
			buildSettings = {
				ASSETCATALOG_COMPILER_APPICON_NAME = AppIcon;
				DEVELOPMENT_TEAM = 4QX528523R;
				INFOPLIST_FILE = loadingIndicator/Info.plist;
				LD_RUNPATH_SEARCH_PATHS = "$(inherited) @executable_path/Frameworks";
				PRODUCT_BUNDLE_IDENTIFIER = me.cgua.loadingIndicator;
				PRODUCT_NAME = "$(TARGET_NAME)";
				SWIFT_VERSION = 3.0;
			};
			name = Release;
		};
/* End XCBuildConfiguration section */

/* Begin XCConfigurationList section */
		572F0E1C1E43014F00D633DD /* Build configuration list for PBXProject "loadingIndicator" */ = {
			isa = XCConfigurationList;
			buildConfigurations = (
				572F0E311E43014F00D633DD /* Debug */,
				572F0E321E43014F00D633DD /* Release */,
			);
			defaultConfigurationIsVisible = 0;
			defaultConfigurationName = Release;
		};
		572F0E331E43014F00D633DD /* Build configuration list for PBXNativeTarget "loadingIndicator" */ = {
			isa = XCConfigurationList;
			buildConfigurations = (
				572F0E341E43014F00D633DD /* Debug */,
				572F0E351E43014F00D633DD /* Release */,
			);
			defaultConfigurationIsVisible = 0;
		};
/* End XCConfigurationList section */
	};
	rootObject = 572F0E191E43014F00D633DD /* Project object */;
}
